
Microsoft Visual Studio Solution File, Format Version 12.00
# Visual Studio Version 17
VisualStudioVersion = 17.9.34728.123
MinimumVisualStudioVersion = 10.0.40219.1
Project("{FAE04EC0-301F-11D3-BF4B-00C04F79EFBC}") = "ChattingApp", "ChattingApp.csproj", "{D0FE6908-949B-488F-BB2B-CD5F711258E9}"
EndProject
Project("{FAE04EC0-301F-11D3-BF4B-00C04F79EFBC}") = "ChatServer", "..\ChatServer\ChatServer.csproj", "{449F6BCE-BFEA-4AB6-AE3C-48FA8520D4BB}"
EndProject
Global
	GlobalSection(SolutionConfigurationPlatforms) = preSolution
		Debug|Any CPU = Debug|Any CPU
		Release|Any CPU = Release|Any CPU
	EndGlobalSection
	GlobalSection(ProjectConfigurationPlatforms) = postSolution
		{D0FE6908-949B-488F-BB2B-CD5F711258E9}.Debug|Any CPU.ActiveCfg = Debug|Any CPU
		{D0FE6908-949B-488F-BB2B-CD5F711258E9}.Debug|Any CPU.Build.0 = Debug|Any CPU
		{D0FE6908-949B-488F-BB2B-CD5F711258E9}.Release|Any CPU.ActiveCfg = Release|Any CPU
		{D0FE6908-949B-488F-BB2B-CD5F711258E9}.Release|Any CPU.Build.0 = Release|Any CPU
		{449F6BCE-BFEA-4AB6-AE3C-48FA8520D4BB}.Debug|Any CPU.ActiveCfg = Debug|Any CPU
		{449F6BCE-BFEA-4AB6-AE3C-48FA8520D4BB}.Debug|Any CPU.Build.0 = Debug|Any CPU
		{449F6BCE-BFEA-4AB6-AE3C-48FA8520D4BB}.Release|Any CPU.ActiveCfg = Release|Any CPU
		{449F6BCE-BFEA-4AB6-AE3C-48FA8520D4BB}.Release|Any CPU.Build.0 = Release|Any CPU
	EndGlobalSection
	GlobalSection(SolutionProperties) = preSolution
		HideSolutionNode = FALSE
	EndGlobalSection
	GlobalSection(ExtensibilityGlobals) = postSolution
		SolutionGuid = {00DE7FD7-E4E7-4FCB-9A10-CDBA4C857C39}
	EndGlobalSection
EndGlobal
